// !$*UTF8*$!
{
	archiveVersion = 1;
	classes = {
	};
	objectVersion = 46;
	objects = {

/* Begin PBXBuildFile section */
		F9E574F01A6BC99F006EAA14 /* AppDelegate.swift in Sources */ = {isa = PBXBuildFile; fileRef = F9E574EF1A6BC99F006EAA14 /* AppDelegate.swift */; };
		F9E574F31A6BC99F006EAA14 /* TestTableList2.xcdatamodeld in Sources */ = {isa = PBXBuildFile; fileRef = F9E574F11A6BC99F006EAA14 /* TestTableList2.xcdatamodeld */; };
		F9E574F51A6BC99F006EAA14 /* ViewController.swift in Sources */ = {isa = PBXBuildFile; fileRef = F9E574F41A6BC99F006EAA14 /* ViewController.swift */; };
		F9E574F81A6BC99F006EAA14 /* Main.storyboard in Resources */ = {isa = PBXBuildFile; fileRef = F9E574F61A6BC99F006EAA14 /* Main.storyboard */; };
		F9E574FA1A6BC99F006EAA14 /* Images.xcassets in Resources */ = {isa = PBXBuildFile; fileRef = F9E574F91A6BC99F006EAA14 /* Images.xcassets */; };
		F9E574FD1A6BC99F006EAA14 /* LaunchScreen.xib in Resources */ = {isa = PBXBuildFile; fileRef = F9E574FB1A6BC99F006EAA14 /* LaunchScreen.xib */; };
		F9E575091A6BC9A0006EAA14 /* TestTableList2Tests.swift in Sources */ = {isa = PBXBuildFile; fileRef = F9E575081A6BC9A0006EAA14 /* TestTableList2Tests.swift */; };
/* End PBXBuildFile section */

/* Begin PBXContainerItemProxy section */
		F9E575031A6BC9A0006EAA14 /* PBXContainerItemProxy */ = {
			isa = PBXContainerItemProxy;
			containerPortal = F9E574E21A6BC99F006EAA14 /* Project object */;
			proxyType = 1;
			remoteGlobalIDString = F9E574E91A6BC99F006EAA14;
			remoteInfo = TestTableList2;
		};
/* End PBXContainerItemProxy section */

/* Begin PBXFileReference section */
		F9E574EA1A6BC99F006EAA14 /* TestTableList2.app */ = {isa = PBXFileReference; explicitFileType = wrapper.application; includeInIndex = 0; path = TestTableList2.app; sourceTree = BUILT_PRODUCTS_DIR; };
		F9E574EE1A6BC99F006EAA14 /* Info.plist */ = {isa = PBXFileReference; lastKnownFileType = text.plist.xml; path = Info.plist; sourceTree = "<group>"; };
		F9E574EF1A6BC99F006EAA14 /* AppDelegate.swift */ = {isa = PBXFileReference; lastKnownFileType = sourcecode.swift; path = AppDelegate.swift; sourceTree = "<group>"; };
		F9E574F21A6BC99F006EAA14 /* TestTableList2.xcdatamodel */ = {isa = PBXFileReference; lastKnownFileType = wrapper.xcdatamodel; path = TestTableList2.xcdatamodel; sourceTree = "<group>"; };
		F9E574F41A6BC99F006EAA14 /* ViewController.swift */ = {isa = PBXFileReference; lastKnownFileType = sourcecode.swift; path = ViewController.swift; sourceTree = "<group>"; };
		F9E574F71A6BC99F006EAA14 /* Base */ = {isa = PBXFileReference; lastKnownFileType = file.storyboard; name = Base; path = Base.lproj/Main.storyboard; sourceTree = "<group>"; };
		F9E574F91A6BC99F006EAA14 /* Images.xcassets */ = {isa = PBXFileReference; lastKnownFileType = folder.assetcatalog; path = Images.xcassets; sourceTree = "<group>"; };
		F9E574FC1A6BC99F006EAA14 /* Base */ = {isa = PBXFileReference; lastKnownFileType = file.xib; name = Base; path = Base.lproj/LaunchScreen.xib; sourceTree = "<group>"; };
		F9E575021A6BC9A0006EAA14 /* TestTableList2Tests.xctest */ = {isa = PBXFileReference; explicitFileType = wrapper.cfbundle; includeInIndex = 0; path = TestTableList2Tests.xctest; sourceTree = BUILT_PRODUCTS_DIR; };
		F9E575071A6BC9A0006EAA14 /* Info.plist */ = {isa = PBXFileReference; lastKnownFileType = text.plist.xml; path = Info.plist; sourceTree = "<group>"; };
		F9E575081A6BC9A0006EAA14 /* TestTableList2Tests.swift */ = {isa = PBXFileReference; lastKnownFileType = sourcecode.swift; path = TestTableList2Tests.swift; sourceTree = "<group>"; };
/* End PBXFileReference section */

/* Begin PBXFrameworksBuildPhase section */
		F9E574E71A6BC99F006EAA14 /* Frameworks */ = {
			isa = PBXFrameworksBuildPhase;
			buildActionMask = 2147483647;
			files = (
			);
			runOnlyForDeploymentPostprocessing = 0;
		};
		F9E574FF1A6BC99F006EAA14 /* Frameworks */ = {
			isa = PBXFrameworksBuildPhase;
			buildActionMask = 2147483647;
			files = (
			);
			runOnlyForDeploymentPostprocessing = 0;
		};
/* End PBXFrameworksBuildPhase section */

/* Begin PBXGroup section */
		F9E574E11A6BC99F006EAA14 = {
			isa = PBXGroup;
			children = (
				F9E574EC1A6BC99F006EAA14 /* TestTableList2 */,
				F9E575051A6BC9A0006EAA14 /* TestTableList2Tests */,
				F9E574EB1A6BC99F006EAA14 /* Products */,
			);
			sourceTree = "<group>";
		};
		F9E574EB1A6BC99F006EAA14 /* Products */ = {
			isa = PBXGroup;
			children = (
				F9E574EA1A6BC99F006EAA14 /* TestTableList2.app */,
				F9E575021A6BC9A0006EAA14 /* TestTableList2Tests.xctest */,
			);
			name = Products;
			sourceTree = "<group>";
		};
		F9E574EC1A6BC99F006EAA14 /* TestTableList2 */ = {
			isa = PBXGroup;
			children = (
				F9E574EF1A6BC99F006EAA14 /* AppDelegate.swift */,
				F9E574F41A6BC99F006EAA14 /* ViewController.swift */,
				F9E574F61A6BC99F006EAA14 /* Main.storyboard */,
				F9E574F91A6BC99F006EAA14 /* Images.xcassets */,
				F9E574FB1A6BC99F006EAA14 /* LaunchScreen.xib */,
				F9E574F11A6BC99F006EAA14 /* TestTableList2.xcdatamodeld */,
				F9E574ED1A6BC99F006EAA14 /* Supporting Files */,
			);
			path = TestTableList2;
			sourceTree = "<group>";
		};
		F9E574ED1A6BC99F006EAA14 /* Supporting Files */ = {
			isa = PBXGroup;
			children = (
				F9E574EE1A6BC99F006EAA14 /* Info.plist */,
			);
			name = "Supporting Files";
			sourceTree = "<group>";
		};
		F9E575051A6BC9A0006EAA14 /* TestTableList2Tests */ = {
			isa = PBXGroup;
			children = (
				F9E575081A6BC9A0006EAA14 /* TestTableList2Tests.swift */,
				F9E575061A6BC9A0006EAA14 /* Supporting Files */,
			);
			path = TestTableList2Tests;
			sourceTree = "<group>";
		};
		F9E575061A6BC9A0006EAA14 /* Supporting Files */ = {
			isa = PBXGroup;
			children = (
				F9E575071A6BC9A0006EAA14 /* Info.plist */,
			);
			name = "Supporting Files";
			sourceTree = "<group>";
		};
/* End PBXGroup section */

/* Begin PBXNativeTarget section */
		F9E574E91A6BC99F006EAA14 /* TestTableList2 */ = {
			isa = PBXNativeTarget;
			buildConfigurationList = F9E5750C1A6BC9A0006EAA14 /* Build configuration list for PBXNativeTarget "TestTableList2" */;
			buildPhases = (
				F9E574E61A6BC99F006EAA14 /* Sources */,
				F9E574E71A6BC99F006EAA14 /* Frameworks */,
				F9E574E81A6BC99F006EAA14 /* Resources */,
			);
			buildRules = (
			);
			dependencies = (
			);
			name = TestTableList2;
			productName = TestTableList2;
			productReference = F9E574EA1A6BC99F006EAA14 /* TestTableList2.app */;
			productType = "com.apple.product-type.application";
		};
		F9E575011A6BC99F006EAA14 /* TestTableList2Tests */ = {
			isa = PBXNativeTarget;
			buildConfigurationList = F9E5750F1A6BC9A0006EAA14 /* Build configuration list for PBXNativeTarget "TestTableList2Tests" */;
			buildPhases = (
				F9E574FE1A6BC99F006EAA14 /* Sources */,
				F9E574FF1A6BC99F006EAA14 /* Frameworks */,
				F9E575001A6BC99F006EAA14 /* Resources */,
			);
			buildRules = (
			);
			dependencies = (
				F9E575041A6BC9A0006EAA14 /* PBXTargetDependency */,
			);
			name = TestTableList2Tests;
			productName = TestTableList2Tests;
			productReference = F9E575021A6BC9A0006EAA14 /* TestTableList2Tests.xctest */;
			productType = "com.apple.product-type.bundle.unit-test";
		};
/* End PBXNativeTarget section */

/* Begin PBXProject section */
		F9E574E21A6BC99F006EAA14 /* Project object */ = {
			isa = PBXProject;
			attributes = {
				LastUpgradeCheck = 0610;
				ORGANIZATIONNAME = andyhu;
				TargetAttributes = {
					F9E574E91A6BC99F006EAA14 = {
						CreatedOnToolsVersion = 6.1;
					};
					F9E575011A6BC99F006EAA14 = {
						CreatedOnToolsVersion = 6.1;
						TestTargetID = F9E574E91A6BC99F006EAA14;
					};
				};
			};
			buildConfigurationList = F9E574E51A6BC99F006EAA14 /* Build configuration list for PBXProject "TestTableList2" */;
			compatibilityVersion = "Xcode 3.2";
			developmentRegion = English;
			hasScannedForEncodings = 0;
			knownRegions = (
				en,
				Base,
			);
			mainGroup = F9E574E11A6BC99F006EAA14;
			productRefGroup = F9E574EB1A6BC99F006EAA14 /* Products */;
			projectDirPath = "";
			projectRoot = "";
			targets = (
				F9E574E91A6BC99F006EAA14 /* TestTableList2 */,
				F9E575011A6BC99F006EAA14 /* TestTableList2Tests */,
			);
		};
/* End PBXProject section */

/* Begin PBXResourcesBuildPhase section */
		F9E574E81A6BC99F006EAA14 /* Resources */ = {
			isa = PBXResourcesBuildPhase;
			buildActionMask = 2147483647;
			files = (
				F9E574F81A6BC99F006EAA14 /* Main.storyboard in Resources */,
				F9E574FD1A6BC99F006EAA14 /* LaunchScreen.xib in Resources */,
				F9E574FA1A6BC99F006EAA14 /* Images.xcassets in Resources */,
			);
			runOnlyForDeploymentPostprocessing = 0;
		};
		F9E575001A6BC99F006EAA14 /* Resources */ = {
			isa = PBXResourcesBuildPhase;
			buildActionMask = 2147483647;
			files = (
			);
			runOnlyForDeploymentPostprocessing = 0;
		};
/* End PBXResourcesBuildPhase section */

/* Begin PBXSourcesBuildPhase section */
		F9E574E61A6BC99F006EAA14 /* Sources */ = {
			isa = PBXSourcesBuildPhase;
			buildActionMask = 2147483647;
			files = (
				F9E574F51A6BC99F006EAA14 /* ViewController.swift in Sources */,
				F9E574F01A6BC99F006EAA14 /* AppDelegate.swift in Sources */,
				F9E574F31A6BC99F006EAA14 /* TestTableList2.xcdatamodeld in Sources */,
			);
			runOnlyForDeploymentPostprocessing = 0;
		};
		F9E574FE1A6BC99F006EAA14 /* Sources */ = {
			isa = PBXSourcesBuildPhase;
			buildActionMask = 2147483647;
			files = (
				F9E575091A6BC9A0006EAA14 /* TestTableList2Tests.swift in Sources */,
			);
			runOnlyForDeploymentPostprocessing = 0;
		};
/* End PBXSourcesBuildPhase section */

/* Begin PBXTargetDependency section */
		F9E575041A6BC9A0006EAA14 /* PBXTargetDependency */ = {
			isa = PBXTargetDependency;
			target = F9E574E91A6BC99F006EAA14 /* TestTableList2 */;
			targetProxy = F9E575031A6BC9A0006EAA14 /* PBXContainerItemProxy */;
		};
/* End PBXTargetDependency section */

/* Begin PBXVariantGroup section */
		F9E574F61A6BC99F006EAA14 /* Main.storyboard */ = {
			isa = PBXVariantGroup;
			children = (
				F9E574F71A6BC99F006EAA14 /* Base */,
			);
			name = Main.storyboard;
			sourceTree = "<group>";
		};
		F9E574FB1A6BC99F006EAA14 /* LaunchScreen.xib */ = {
			isa = PBXVariantGroup;
			children = (
				F9E574FC1A6BC99F006EAA14 /* Base */,
			);
			name = LaunchScreen.xib;
			sourceTree = "<group>";
		};
/* End PBXVariantGroup section */

/* Begin XCBuildConfiguration section */
		F9E5750A1A6BC9A0006EAA14 /* Debug */ = {
			isa = XCBuildConfiguration;
			buildSettings = {
				ALWAYS_SEARCH_USER_PATHS = NO;
				CLANG_CXX_LANGUAGE_STANDARD = "gnu++0x";
				CLANG_CXX_LIBRARY = "libc++";
				CLANG_ENABLE_MODULES = YES;
				CLANG_ENABLE_OBJC_ARC = YES;
				CLANG_WARN_BOOL_CONVERSION = YES;
				CLANG_WARN_CONSTANT_CONVERSION = YES;
				CLANG_WARN_DIRECT_OBJC_ISA_USAGE = YES_ERROR;
				CLANG_WARN_EMPTY_BODY = YES;
				CLANG_WARN_ENUM_CONVERSION = YES;
				CLANG_WARN_INT_CONVERSION = YES;
				CLANG_WARN_OBJC_ROOT_CLASS = YES_ERROR;
				CLANG_WARN_UNREACHABLE_CODE = YES;
				CLANG_WARN__DUPLICATE_METHOD_MATCH = YES;
				"CODE_SIGN_IDENTITY[sdk=iphoneos*]" = "iPhone Developer";
				COPY_PHASE_STRIP = NO;
				ENABLE_STRICT_OBJC_MSGSEND = YES;
				GCC_C_LANGUAGE_STANDARD = gnu99;
				GCC_DYNAMIC_NO_PIC = NO;
				GCC_OPTIMIZATION_LEVEL = 0;
				GCC_PREPROCESSOR_DEFINITIONS = (
					"DEBUG=1",
					"$(inherited)",
				);
				GCC_SYMBOLS_PRIVATE_EXTERN = NO;
				GCC_WARN_64_TO_32_BIT_CONVERSION = YES;
				GCC_WARN_ABOUT_RETURN_TYPE = YES_ERROR;
				GCC_WARN_UNDECLARED_SELECTOR = YES;
				GCC_WARN_UNINITIALIZED_AUTOS = YES_AGGRESSIVE;
				GCC_WARN_UNUSED_FUNCTION = YES;
				GCC_WARN_UNUSED_VARIABLE = YES;
				IPHONEOS_DEPLOYMENT_TARGET = 8.1;
				MTL_ENABLE_DEBUG_INFO = YES;
				ONLY_ACTIVE_ARCH = YES;
				SDKROOT = iphoneos;
				SWIFT_OPTIMIZATION_LEVEL = "-Onone";
			};
			name = Debug;
		};
		F9E5750B1A6BC9A0006EAA14 /* Release */ = {
			isa = XCBuildConfiguration;
			buildSettings = {
				ALWAYS_SEARCH_USER_PATHS = NO;
				CLANG_CXX_LANGUAGE_STANDARD = "gnu++0x";
				CLANG_CXX_LIBRARY = "libc++";
				CLANG_ENABLE_MODULES = YES;
				CLANG_ENABLE_OBJC_ARC = YES;
				CLANG_WARN_BOOL_CONVERSION = YES;
				CLANG_WARN_CONSTANT_CONVERSION = YES;
				CLANG_WARN_DIRECT_OBJC_ISA_USAGE = YES_ERROR;
				CLANG_WARN_EMPTY_BODY = YES;
				CLANG_WARN_ENUM_CONVERSION = YES;
				CLANG_WARN_INT_CONVERSION = YES;
				CLANG_WARN_OBJC_ROOT_CLASS = YES_ERROR;
				CLANG_WARN_UNREACHABLE_CODE = YES;
				CLANG_WARN__DUPLICATE_METHOD_MATCH = YES;
				"CODE_SIGN_IDENTITY[sdk=iphoneos*]" = "iPhone Developer";
				COPY_PHASE_STRIP = YES;
				ENABLE_NS_ASSERTIONS = NO;
				ENABLE_STRICT_OBJC_MSGSEND = YES;
				GCC_C_LANGUAGE_STANDARD = gnu99;
				GCC_WARN_64_TO_32_BIT_CONVERSION = YES;
				GCC_WARN_ABOUT_RETURN_TYPE = YES_ERROR;
				GCC_WARN_UNDECLARED_SELECTOR = YES;
				GCC_WARN_UNINITIALIZED_AUTOS = YES_AGGRESSIVE;
				GCC_WARN_UNUSED_FUNCTION = YES;
				GCC_WARN_UNUSED_VARIABLE = YES;
				IPHONEOS_DEPLOYMENT_TARGET = 8.1;
				MTL_ENABLE_DEBUG_INFO = NO;
				SDKROOT = iphoneos;
				VALIDATE_PRODUCT = YES;
			};
			name = Release;
		};
		F9E5750D1A6BC9A0006EAA14 /* Debug */ = {
			isa = XCBuildConfiguration;
			buildSettings = {
				ASSETCATALOG_COMPILER_APPICON_NAME = AppIcon;
				INFOPLIST_FILE = TestTableList2/Info.plist;
				LD_RUNPATH_SEARCH_PATHS = "$(inherited) @executable_path/Frameworks";
				PRODUCT_NAME = "$(TARGET_NAME)";
			};
			name = Debug;
		};
		F9E5750E1A6BC9A0006EAA14 /* Release */ = {
			isa = XCBuildConfiguration;
			buildSettings = {
				ASSETCATALOG_COMPILER_APPICON_NAME = AppIcon;
				INFOPLIST_FILE = TestTableList2/Info.plist;
				LD_RUNPATH_SEARCH_PATHS = "$(inherited) @executable_path/Frameworks";
				PRODUCT_NAME = "$(TARGET_NAME)";
			};
			name = Release;
		};
		F9E575101A6BC9A0006EAA14 /* Debug */ = {
			isa = XCBuildConfiguration;
			buildSettings = {
				BUNDLE_LOADER = "$(TEST_HOST)";
				FRAMEWORK_SEARCH_PATHS = (
					"$(SDKROOT)/Developer/Library/Frameworks",
					"$(inherited)",
				);
				GCC_PREPROCESSOR_DEFINITIONS = (
					"DEBUG=1",
					"$(inherited)",
				);
				INFOPLIST_FILE = TestTableList2Tests/Info.plist;
				LD_RUNPATH_SEARCH_PATHS = "$(inherited) @executable_path/Frameworks @loader_path/Frameworks";
				PRODUCT_NAME = "$(TARGET_NAME)";
				TEST_HOST = "$(BUILT_PRODUCTS_DIR)/TestTableList2.app/TestTableList2";
			};
			name = Debug;
		};
		F9E575111A6BC9A0006EAA14 /* Release */ = {
			isa = XCBuildConfiguration;
			buildSettings = {
				BUNDLE_LOADER = "$(TEST_HOST)";
				FRAMEWORK_SEARCH_PATHS = (
					"$(SDKROOT)/Developer/Library/Frameworks",
					"$(inherited)",
				);
				INFOPLIST_FILE = TestTableList2Tests/Info.plist;
				LD_RUNPATH_SEARCH_PATHS = "$(inherited) @executable_path/Frameworks @loader_path/Frameworks";
				PRODUCT_NAME = "$(TARGET_NAME)";
				TEST_HOST = "$(BUILT_PRODUCTS_DIR)/TestTableList2.app/TestTableList2";
			};
			name = Release;
		};
/* End XCBuildConfiguration section */

/* Begin XCConfigurationList section */
		F9E574E51A6BC99F006EAA14 /* Build configuration list for PBXProject "TestTableList2" */ = {
			isa = XCConfigurationList;
			buildConfigurations = (
				F9E5750A1A6BC9A0006EAA14 /* Debug */,
				F9E5750B1A6BC9A0006EAA14 /* Release */,
			);
			defaultConfigurationIsVisible = 0;
			defaultConfigurationName = Release;
		};
		F9E5750C1A6BC9A0006EAA14 /* Build configuration list for PBXNativeTarget "TestTableList2" */ = {
			isa = XCConfigurationList;
			buildConfigurations = (
				F9E5750D1A6BC9A0006EAA14 /* Debug */,
				F9E5750E1A6BC9A0006EAA14 /* Release */,
			);
			defaultConfigurationIsVisible = 0;
		};
		F9E5750F1A6BC9A0006EAA14 /* Build configuration list for PBXNativeTarget "TestTableList2Tests" */ = {
			isa = XCConfigurationList;
			buildConfigurations = (
				F9E575101A6BC9A0006EAA14 /* Debug */,
				F9E575111A6BC9A0006EAA14 /* Release */,
			);
			defaultConfigurationIsVisible = 0;
		};
/* End XCConfigurationList section */

/* Begin XCVersionGroup section */
		F9E574F11A6BC99F006EAA14 /* TestTableList2.xcdatamodeld */ = {
			isa = XCVersionGroup;
			children = (
				F9E574F21A6BC99F006EAA14 /* TestTableList2.xcdatamodel */,
			);
			currentVersion = F9E574F21A6BC99F006EAA14 /* TestTableList2.xcdatamodel */;
			path = TestTableList2.xcdatamodeld;
			sourceTree = "<group>";
			versionGroupType = wrapper.xcdatamodel;
		};
/* End XCVersionGroup section */
	};
	rootObject = F9E574E21A6BC99F006EAA14 /* Project object */;
}
