// !$*UTF8*$!
{
	archiveVersion = 1;
	classes = {
	};
	objectVersion = 46;
	objects = {

/* Begin PBXBuildFile section */
		8EFF27461A3DA28C00FAFE70 /* AppDelegate.swift in Sources */ = {isa = PBXBuildFile; fileRef = 8EFF27451A3DA28C00FAFE70 /* AppDelegate.swift */; };
		8EFF27481A3DA28C00FAFE70 /* ViewController.swift in Sources */ = {isa = PBXBuildFile; fileRef = 8EFF27471A3DA28C00FAFE70 /* ViewController.swift */; };
		8EFF274B1A3DA28C00FAFE70 /* Main.storyboard in Resources */ = {isa = PBXBuildFile; fileRef = 8EFF27491A3DA28C00FAFE70 /* Main.storyboard */; };
		8EFF274D1A3DA28C00FAFE70 /* Images.xcassets in Resources */ = {isa = PBXBuildFile; fileRef = 8EFF274C1A3DA28C00FAFE70 /* Images.xcassets */; };
		8EFF275C1A3DA28C00FAFE70 /* PicnicTests.swift in Sources */ = {isa = PBXBuildFile; fileRef = 8EFF275B1A3DA28C00FAFE70 /* PicnicTests.swift */; };
		8EFF27671A3DB36400FAFE70 /* squish.caf in Resources */ = {isa = PBXBuildFile; fileRef = 8EFF27661A3DB36400FAFE70 /* squish.caf */; };
/* End PBXBuildFile section */

/* Begin PBXContainerItemProxy section */
		8EFF27561A3DA28C00FAFE70 /* PBXContainerItemProxy */ = {
			isa = PBXContainerItemProxy;
			containerPortal = 8EFF27381A3DA28C00FAFE70 /* Project object */;
			proxyType = 1;
			remoteGlobalIDString = 8EFF273F1A3DA28C00FAFE70;
			remoteInfo = Picnic;
		};
/* End PBXContainerItemProxy section */

/* Begin PBXFileReference section */
		8EFF27401A3DA28C00FAFE70 /* Picnic.app */ = {isa = PBXFileReference; explicitFileType = wrapper.application; includeInIndex = 0; path = Picnic.app; sourceTree = BUILT_PRODUCTS_DIR; };
		8EFF27441A3DA28C00FAFE70 /* Info.plist */ = {isa = PBXFileReference; lastKnownFileType = text.plist.xml; path = Info.plist; sourceTree = "<group>"; };
		8EFF27451A3DA28C00FAFE70 /* AppDelegate.swift */ = {isa = PBXFileReference; lastKnownFileType = sourcecode.swift; path = AppDelegate.swift; sourceTree = "<group>"; };
		8EFF27471A3DA28C00FAFE70 /* ViewController.swift */ = {isa = PBXFileReference; lastKnownFileType = sourcecode.swift; path = ViewController.swift; sourceTree = "<group>"; };
		8EFF274A1A3DA28C00FAFE70 /* Base */ = {isa = PBXFileReference; lastKnownFileType = file.storyboard; name = Base; path = Base.lproj/Main.storyboard; sourceTree = "<group>"; };
		8EFF274C1A3DA28C00FAFE70 /* Images.xcassets */ = {isa = PBXFileReference; lastKnownFileType = folder.assetcatalog; path = Images.xcassets; sourceTree = "<group>"; };
		8EFF27551A3DA28C00FAFE70 /* PicnicTests.xctest */ = {isa = PBXFileReference; explicitFileType = wrapper.cfbundle; includeInIndex = 0; path = PicnicTests.xctest; sourceTree = BUILT_PRODUCTS_DIR; };
		8EFF275A1A3DA28C00FAFE70 /* Info.plist */ = {isa = PBXFileReference; lastKnownFileType = text.plist.xml; path = Info.plist; sourceTree = "<group>"; };
		8EFF275B1A3DA28C00FAFE70 /* PicnicTests.swift */ = {isa = PBXFileReference; lastKnownFileType = sourcecode.swift; path = PicnicTests.swift; sourceTree = "<group>"; };
		8EFF27661A3DB36400FAFE70 /* squish.caf */ = {isa = PBXFileReference; lastKnownFileType = file; path = squish.caf; sourceTree = "<group>"; };
/* End PBXFileReference section */

/* Begin PBXFrameworksBuildPhase section */
		8EFF273D1A3DA28C00FAFE70 /* Frameworks */ = {
			isa = PBXFrameworksBuildPhase;
			buildActionMask = 2147483647;
			files = (
			);
			runOnlyForDeploymentPostprocessing = 0;
		};
		8EFF27521A3DA28C00FAFE70 /* Frameworks */ = {
			isa = PBXFrameworksBuildPhase;
			buildActionMask = 2147483647;
			files = (
			);
			runOnlyForDeploymentPostprocessing = 0;
		};
/* End PBXFrameworksBuildPhase section */

/* Begin PBXGroup section */
		8EFF27371A3DA28C00FAFE70 = {
			isa = PBXGroup;
			children = (
				8EFF27421A3DA28C00FAFE70 /* Picnic */,
				8EFF27581A3DA28C00FAFE70 /* PicnicTests */,
				8EFF27411A3DA28C00FAFE70 /* Products */,
			);
			indentWidth = 2;
			sourceTree = "<group>";
			tabWidth = 2;
		};
		8EFF27411A3DA28C00FAFE70 /* Products */ = {
			isa = PBXGroup;
			children = (
				8EFF27401A3DA28C00FAFE70 /* Picnic.app */,
				8EFF27551A3DA28C00FAFE70 /* PicnicTests.xctest */,
			);
			name = Products;
			sourceTree = "<group>";
		};
		8EFF27421A3DA28C00FAFE70 /* Picnic */ = {
			isa = PBXGroup;
			children = (
				8EFF27651A3DB36400FAFE70 /* Sounds */,
				8EFF27451A3DA28C00FAFE70 /* AppDelegate.swift */,
				8EFF27471A3DA28C00FAFE70 /* ViewController.swift */,
				8EFF27491A3DA28C00FAFE70 /* Main.storyboard */,
				8EFF274C1A3DA28C00FAFE70 /* Images.xcassets */,
				8EFF27431A3DA28C00FAFE70 /* Supporting Files */,
			);
			path = Picnic;
			sourceTree = "<group>";
		};
		8EFF27431A3DA28C00FAFE70 /* Supporting Files */ = {
			isa = PBXGroup;
			children = (
				8EFF27441A3DA28C00FAFE70 /* Info.plist */,
			);
			name = "Supporting Files";
			sourceTree = "<group>";
		};
		8EFF27581A3DA28C00FAFE70 /* PicnicTests */ = {
			isa = PBXGroup;
			children = (
				8EFF275B1A3DA28C00FAFE70 /* PicnicTests.swift */,
				8EFF27591A3DA28C00FAFE70 /* Supporting Files */,
			);
			path = PicnicTests;
			sourceTree = "<group>";
		};
		8EFF27591A3DA28C00FAFE70 /* Supporting Files */ = {
			isa = PBXGroup;
			children = (
				8EFF275A1A3DA28C00FAFE70 /* Info.plist */,
			);
			name = "Supporting Files";
			sourceTree = "<group>";
		};
		8EFF27651A3DB36400FAFE70 /* Sounds */ = {
			isa = PBXGroup;
			children = (
				8EFF27661A3DB36400FAFE70 /* squish.caf */,
			);
			path = Sounds;
			sourceTree = "<group>";
		};
/* End PBXGroup section */

/* Begin PBXNativeTarget section */
		8EFF273F1A3DA28C00FAFE70 /* Picnic */ = {
			isa = PBXNativeTarget;
			buildConfigurationList = 8EFF275F1A3DA28C00FAFE70 /* Build configuration list for PBXNativeTarget "Picnic" */;
			buildPhases = (
				8EFF273C1A3DA28C00FAFE70 /* Sources */,
				8EFF273D1A3DA28C00FAFE70 /* Frameworks */,
				8EFF273E1A3DA28C00FAFE70 /* Resources */,
			);
			buildRules = (
			);
			dependencies = (
			);
			name = Picnic;
			productName = Picnic;
			productReference = 8EFF27401A3DA28C00FAFE70 /* Picnic.app */;
			productType = "com.apple.product-type.application";
		};
		8EFF27541A3DA28C00FAFE70 /* PicnicTests */ = {
			isa = PBXNativeTarget;
			buildConfigurationList = 8EFF27621A3DA28C00FAFE70 /* Build configuration list for PBXNativeTarget "PicnicTests" */;
			buildPhases = (
				8EFF27511A3DA28C00FAFE70 /* Sources */,
				8EFF27521A3DA28C00FAFE70 /* Frameworks */,
				8EFF27531A3DA28C00FAFE70 /* Resources */,
			);
			buildRules = (
			);
			dependencies = (
				8EFF27571A3DA28C00FAFE70 /* PBXTargetDependency */,
			);
			name = PicnicTests;
			productName = PicnicTests;
			productReference = 8EFF27551A3DA28C00FAFE70 /* PicnicTests.xctest */;
			productType = "com.apple.product-type.bundle.unit-test";
		};
/* End PBXNativeTarget section */

/* Begin PBXProject section */
		8EFF27381A3DA28C00FAFE70 /* Project object */ = {
			isa = PBXProject;
			attributes = {
				LastUpgradeCheck = 0610;
				ORGANIZATIONNAME = raywenderlich.com;
				TargetAttributes = {
					8EFF273F1A3DA28C00FAFE70 = {
						CreatedOnToolsVersion = 6.1.1;
					};
					8EFF27541A3DA28C00FAFE70 = {
						CreatedOnToolsVersion = 6.1.1;
						TestTargetID = 8EFF273F1A3DA28C00FAFE70;
					};
				};
			};
			buildConfigurationList = 8EFF273B1A3DA28C00FAFE70 /* Build configuration list for PBXProject "Picnic" */;
			compatibilityVersion = "Xcode 3.2";
			developmentRegion = English;
			hasScannedForEncodings = 0;
			knownRegions = (
				en,
				Base,
			);
			mainGroup = 8EFF27371A3DA28C00FAFE70;
			productRefGroup = 8EFF27411A3DA28C00FAFE70 /* Products */;
			projectDirPath = "";
			projectRoot = "";
			targets = (
				8EFF273F1A3DA28C00FAFE70 /* Picnic */,
				8EFF27541A3DA28C00FAFE70 /* PicnicTests */,
			);
		};
/* End PBXProject section */

/* Begin PBXResourcesBuildPhase section */
		8EFF273E1A3DA28C00FAFE70 /* Resources */ = {
			isa = PBXResourcesBuildPhase;
			buildActionMask = 2147483647;
			files = (
				8EFF27671A3DB36400FAFE70 /* squish.caf in Resources */,
				8EFF274B1A3DA28C00FAFE70 /* Main.storyboard in Resources */,
				8EFF274D1A3DA28C00FAFE70 /* Images.xcassets in Resources */,
			);
			runOnlyForDeploymentPostprocessing = 0;
		};
		8EFF27531A3DA28C00FAFE70 /* Resources */ = {
			isa = PBXResourcesBuildPhase;
			buildActionMask = 2147483647;
			files = (
			);
			runOnlyForDeploymentPostprocessing = 0;
		};
/* End PBXResourcesBuildPhase section */

/* Begin PBXSourcesBuildPhase section */
		8EFF273C1A3DA28C00FAFE70 /* Sources */ = {
			isa = PBXSourcesBuildPhase;
			buildActionMask = 2147483647;
			files = (
				8EFF27481A3DA28C00FAFE70 /* ViewController.swift in Sources */,
				8EFF27461A3DA28C00FAFE70 /* AppDelegate.swift in Sources */,
			);
			runOnlyForDeploymentPostprocessing = 0;
		};
		8EFF27511A3DA28C00FAFE70 /* Sources */ = {
			isa = PBXSourcesBuildPhase;
			buildActionMask = 2147483647;
			files = (
				8EFF275C1A3DA28C00FAFE70 /* PicnicTests.swift in Sources */,
			);
			runOnlyForDeploymentPostprocessing = 0;
		};
/* End PBXSourcesBuildPhase section */

/* Begin PBXTargetDependency section */
		8EFF27571A3DA28C00FAFE70 /* PBXTargetDependency */ = {
			isa = PBXTargetDependency;
			target = 8EFF273F1A3DA28C00FAFE70 /* Picnic */;
			targetProxy = 8EFF27561A3DA28C00FAFE70 /* PBXContainerItemProxy */;
		};
/* End PBXTargetDependency section */

/* Begin PBXVariantGroup section */
		8EFF27491A3DA28C00FAFE70 /* Main.storyboard */ = {
			isa = PBXVariantGroup;
			children = (
				8EFF274A1A3DA28C00FAFE70 /* Base */,
			);
			name = Main.storyboard;
			sourceTree = "<group>";
		};
/* End PBXVariantGroup section */

/* Begin XCBuildConfiguration section */
		8EFF275D1A3DA28C00FAFE70 /* Debug */ = {
			isa = XCBuildConfiguration;
			buildSettings = {
				ALWAYS_SEARCH_USER_PATHS = NO;
				CLANG_CXX_LANGUAGE_STANDARD = "gnu++0x";
				CLANG_CXX_LIBRARY = "libc++";
				CLANG_ENABLE_MODULES = YES;
				CLANG_ENABLE_OBJC_ARC = YES;
				CLANG_WARN_BOOL_CONVERSION = YES;
				CLANG_WARN_CONSTANT_CONVERSION = YES;
				CLANG_WARN_DIRECT_OBJC_ISA_USAGE = YES_ERROR;
				CLANG_WARN_EMPTY_BODY = YES;
				CLANG_WARN_ENUM_CONVERSION = YES;
				CLANG_WARN_INT_CONVERSION = YES;
				CLANG_WARN_OBJC_ROOT_CLASS = YES_ERROR;
				CLANG_WARN_UNREACHABLE_CODE = YES;
				CLANG_WARN__DUPLICATE_METHOD_MATCH = YES;
				"CODE_SIGN_IDENTITY[sdk=iphoneos*]" = "iPhone Developer";
				COPY_PHASE_STRIP = NO;
				ENABLE_STRICT_OBJC_MSGSEND = YES;
				GCC_C_LANGUAGE_STANDARD = gnu99;
				GCC_DYNAMIC_NO_PIC = NO;
				GCC_OPTIMIZATION_LEVEL = 0;
				GCC_PREPROCESSOR_DEFINITIONS = (
					"DEBUG=1",
					"$(inherited)",
				);
				GCC_SYMBOLS_PRIVATE_EXTERN = NO;
				GCC_WARN_64_TO_32_BIT_CONVERSION = YES;
				GCC_WARN_ABOUT_RETURN_TYPE = YES_ERROR;
				GCC_WARN_UNDECLARED_SELECTOR = YES;
				GCC_WARN_UNINITIALIZED_AUTOS = YES_AGGRESSIVE;
				GCC_WARN_UNUSED_FUNCTION = YES;
				GCC_WARN_UNUSED_VARIABLE = YES;
				IPHONEOS_DEPLOYMENT_TARGET = 8.1;
				MTL_ENABLE_DEBUG_INFO = YES;
				ONLY_ACTIVE_ARCH = YES;
				SDKROOT = iphoneos;
				SWIFT_OPTIMIZATION_LEVEL = "-Onone";
			};
			name = Debug;
		};
		8EFF275E1A3DA28C00FAFE70 /* Release */ = {
			isa = XCBuildConfiguration;
			buildSettings = {
				ALWAYS_SEARCH_USER_PATHS = NO;
				CLANG_CXX_LANGUAGE_STANDARD = "gnu++0x";
				CLANG_CXX_LIBRARY = "libc++";
				CLANG_ENABLE_MODULES = YES;
				CLANG_ENABLE_OBJC_ARC = YES;
				CLANG_WARN_BOOL_CONVERSION = YES;
				CLANG_WARN_CONSTANT_CONVERSION = YES;
				CLANG_WARN_DIRECT_OBJC_ISA_USAGE = YES_ERROR;
				CLANG_WARN_EMPTY_BODY = YES;
				CLANG_WARN_ENUM_CONVERSION = YES;
				CLANG_WARN_INT_CONVERSION = YES;
				CLANG_WARN_OBJC_ROOT_CLASS = YES_ERROR;
				CLANG_WARN_UNREACHABLE_CODE = YES;
				CLANG_WARN__DUPLICATE_METHOD_MATCH = YES;
				"CODE_SIGN_IDENTITY[sdk=iphoneos*]" = "iPhone Developer";
				COPY_PHASE_STRIP = YES;
				ENABLE_NS_ASSERTIONS = NO;
				ENABLE_STRICT_OBJC_MSGSEND = YES;
				GCC_C_LANGUAGE_STANDARD = gnu99;
				GCC_WARN_64_TO_32_BIT_CONVERSION = YES;
				GCC_WARN_ABOUT_RETURN_TYPE = YES_ERROR;
				GCC_WARN_UNDECLARED_SELECTOR = YES;
				GCC_WARN_UNINITIALIZED_AUTOS = YES_AGGRESSIVE;
				GCC_WARN_UNUSED_FUNCTION = YES;
				GCC_WARN_UNUSED_VARIABLE = YES;
				IPHONEOS_DEPLOYMENT_TARGET = 8.1;
				MTL_ENABLE_DEBUG_INFO = NO;
				SDKROOT = iphoneos;
				VALIDATE_PRODUCT = YES;
			};
			name = Release;
		};
		8EFF27601A3DA28C00FAFE70 /* Debug */ = {
			isa = XCBuildConfiguration;
			buildSettings = {
				ASSETCATALOG_COMPILER_APPICON_NAME = AppIcon;
				ASSETCATALOG_COMPILER_LAUNCHIMAGE_NAME = LaunchImage;
				INFOPLIST_FILE = Picnic/Info.plist;
				LD_RUNPATH_SEARCH_PATHS = "$(inherited) @executable_path/Frameworks";
				PRODUCT_NAME = "$(TARGET_NAME)";
			};
			name = Debug;
		};
		8EFF27611A3DA28C00FAFE70 /* Release */ = {
			isa = XCBuildConfiguration;
			buildSettings = {
				ASSETCATALOG_COMPILER_APPICON_NAME = AppIcon;
				ASSETCATALOG_COMPILER_LAUNCHIMAGE_NAME = LaunchImage;
				INFOPLIST_FILE = Picnic/Info.plist;
				LD_RUNPATH_SEARCH_PATHS = "$(inherited) @executable_path/Frameworks";
				PRODUCT_NAME = "$(TARGET_NAME)";
			};
			name = Release;
		};
		8EFF27631A3DA28C00FAFE70 /* Debug */ = {
			isa = XCBuildConfiguration;
			buildSettings = {
				BUNDLE_LOADER = "$(TEST_HOST)";
				FRAMEWORK_SEARCH_PATHS = (
					"$(SDKROOT)/Developer/Library/Frameworks",
					"$(inherited)",
				);
				GCC_PREPROCESSOR_DEFINITIONS = (
					"DEBUG=1",
					"$(inherited)",
				);
				INFOPLIST_FILE = PicnicTests/Info.plist;
				LD_RUNPATH_SEARCH_PATHS = "$(inherited) @executable_path/Frameworks @loader_path/Frameworks";
				PRODUCT_NAME = "$(TARGET_NAME)";
				TEST_HOST = "$(BUILT_PRODUCTS_DIR)/Picnic.app/Picnic";
			};
			name = Debug;
		};
		8EFF27641A3DA28C00FAFE70 /* Release */ = {
			isa = XCBuildConfiguration;
			buildSettings = {
				BUNDLE_LOADER = "$(TEST_HOST)";
				FRAMEWORK_SEARCH_PATHS = (
					"$(SDKROOT)/Developer/Library/Frameworks",
					"$(inherited)",
				);
				INFOPLIST_FILE = PicnicTests/Info.plist;
				LD_RUNPATH_SEARCH_PATHS = "$(inherited) @executable_path/Frameworks @loader_path/Frameworks";
				PRODUCT_NAME = "$(TARGET_NAME)";
				TEST_HOST = "$(BUILT_PRODUCTS_DIR)/Picnic.app/Picnic";
			};
			name = Release;
		};
/* End XCBuildConfiguration section */

/* Begin XCConfigurationList section */
		8EFF273B1A3DA28C00FAFE70 /* Build configuration list for PBXProject "Picnic" */ = {
			isa = XCConfigurationList;
			buildConfigurations = (
				8EFF275D1A3DA28C00FAFE70 /* Debug */,
				8EFF275E1A3DA28C00FAFE70 /* Release */,
			);
			defaultConfigurationIsVisible = 0;
			defaultConfigurationName = Release;
		};
		8EFF275F1A3DA28C00FAFE70 /* Build configuration list for PBXNativeTarget "Picnic" */ = {
			isa = XCConfigurationList;
			buildConfigurations = (
				8EFF27601A3DA28C00FAFE70 /* Debug */,
				8EFF27611A3DA28C00FAFE70 /* Release */,
			);
			defaultConfigurationIsVisible = 0;
			defaultConfigurationName = Release;
		};
		8EFF27621A3DA28C00FAFE70 /* Build configuration list for PBXNativeTarget "PicnicTests" */ = {
			isa = XCConfigurationList;
			buildConfigurations = (
				8EFF27631A3DA28C00FAFE70 /* Debug */,
				8EFF27641A3DA28C00FAFE70 /* Release */,
			);
			defaultConfigurationIsVisible = 0;
			defaultConfigurationName = Release;
		};
/* End XCConfigurationList section */
	};
	rootObject = 8EFF27381A3DA28C00FAFE70 /* Project object */;
}
